// !$*UTF8*$!
{
	archiveVersion = 1;
	classes = {
	};
	objectVersion = 50;
	objects = {

/* Begin PBXBuildFile section */
		94DED3CA26D35FC30095DDCC /* AppDelegate.swift in Sources */ = {isa = PBXBuildFile; fileRef = 94DED3C926D35FC30095DDCC /* AppDelegate.swift */; };
		94DED3CC26D35FC30095DDCC /* SceneDelegate.swift in Sources */ = {isa = PBXBuildFile; fileRef = 94DED3CB26D35FC30095DDCC /* SceneDelegate.swift */; };
		94DED3CE26D35FC30095DDCC /* ViewController.swift in Sources */ = {isa = PBXBuildFile; fileRef = 94DED3CD26D35FC30095DDCC /* ViewController.swift */; };
		94DED3D126D35FC30095DDCC /* Main.storyboard in Resources */ = {isa = PBXBuildFile; fileRef = 94DED3CF26D35FC30095DDCC /* Main.storyboard */; };
		94DED3D326D35FC80095DDCC /* Assets.xcassets in Resources */ = {isa = PBXBuildFile; fileRef = 94DED3D226D35FC80095DDCC /* Assets.xcassets */; };
		94DED3D626D35FC80095DDCC /* LaunchScreen.storyboard in Resources */ = {isa = PBXBuildFile; fileRef = 94DED3D426D35FC80095DDCC /* LaunchScreen.storyboard */; };
/* End PBXBuildFile section */

/* Begin PBXFileReference section */
		94DED3C626D35FC30095DDCC /* Think360.app */ = {isa = PBXFileReference; explicitFileType = wrapper.application; includeInIndex = 0; path = Think360.app; sourceTree = BUILT_PRODUCTS_DIR; };
		94DED3C926D35FC30095DDCC /* AppDelegate.swift */ = {isa = PBXFileReference; lastKnownFileType = sourcecode.swift; path = AppDelegate.swift; sourceTree = "<group>"; };
		94DED3CB26D35FC30095DDCC /* SceneDelegate.swift */ = {isa = PBXFileReference; lastKnownFileType = sourcecode.swift; path = SceneDelegate.swift; sourceTree = "<group>"; };
		94DED3CD26D35FC30095DDCC /* ViewController.swift */ = {isa = PBXFileReference; lastKnownFileType = sourcecode.swift; path = ViewController.swift; sourceTree = "<group>"; };
		94DED3D026D35FC30095DDCC /* Base */ = {isa = PBXFileReference; lastKnownFileType = file.storyboard; name = Base; path = Base.lproj/Main.storyboard; sourceTree = "<group>"; };
		94DED3D226D35FC80095DDCC /* Assets.xcassets */ = {isa = PBXFileReference; lastKnownFileType = folder.assetcatalog; path = Assets.xcassets; sourceTree = "<group>"; };
		94DED3D526D35FC80095DDCC /* Base */ = {isa = PBXFileReference; lastKnownFileType = file.storyboard; name = Base; path = Base.lproj/LaunchScreen.storyboard; sourceTree = "<group>"; };
		94DED3D726D35FC80095DDCC /* Info.plist */ = {isa = PBXFileReference; lastKnownFileType = text.plist.xml; path = Info.plist; sourceTree = "<group>"; };
/* End PBXFileReference section */

/* Begin PBXFrameworksBuildPhase section */
		94DED3C326D35FC30095DDCC /* Frameworks */ = {
			isa = PBXFrameworksBuildPhase;
			buildActionMask = 2147483647;
			files = (
			);
			runOnlyForDeploymentPostprocessing = 0;
		};
/* End PBXFrameworksBuildPhase section */

/* Begin PBXGroup section */
		94DED3BD26D35FC30095DDCC = {
			isa = PBXGroup;
			children = (
				94DED3C826D35FC30095DDCC /* Think360 */,
				94DED3C726D35FC30095DDCC /* Products */,
			);
			sourceTree = "<group>";
		};
		94DED3C726D35FC30095DDCC /* Products */ = {
			isa = PBXGroup;
			children = (
				94DED3C626D35FC30095DDCC /* Think360.app */,
			);
			name = Products;
			sourceTree = "<group>";
		};
		94DED3C826D35FC30095DDCC /* Think360 */ = {
			isa = PBXGroup;
			children = (
				94DED3C926D35FC30095DDCC /* AppDelegate.swift */,
				94DED3CB26D35FC30095DDCC /* SceneDelegate.swift */,
				94DED3CD26D35FC30095DDCC /* ViewController.swift */,
				94DED3CF26D35FC30095DDCC /* Main.storyboard */,
				94DED3D226D35FC80095DDCC /* Assets.xcassets */,
				94DED3D426D35FC80095DDCC /* LaunchScreen.storyboard */,
				94DED3D726D35FC80095DDCC /* Info.plist */,
			);
			path = Think360;
			sourceTree = "<group>";
		};
/* End PBXGroup section */

/* Begin PBXNativeTarget section */
		94DED3C526D35FC30095DDCC /* Think360 */ = {
			isa = PBXNativeTarget;
			buildConfigurationList = 94DED3DA26D35FC80095DDCC /* Build configuration list for PBXNativeTarget "Think360" */;
			buildPhases = (
				94DED3C226D35FC30095DDCC /* Sources */,
				94DED3C326D35FC30095DDCC /* Frameworks */,
				94DED3C426D35FC30095DDCC /* Resources */,
			);
			buildRules = (
			);
			dependencies = (
			);
			name = Think360;
			productName = Think360;
			productReference = 94DED3C626D35FC30095DDCC /* Think360.app */;
			productType = "com.apple.product-type.application";
		};
/* End PBXNativeTarget section */

/* Begin PBXProject section */
		94DED3BE26D35FC30095DDCC /* Project object */ = {
			isa = PBXProject;
			attributes = {
				LastSwiftUpdateCheck = 1160;
				LastUpgradeCheck = 1160;
				ORGANIZATIONNAME = "MANOJ REDDY";
				TargetAttributes = {
					94DED3C526D35FC30095DDCC = {
						CreatedOnToolsVersion = 11.6;
					};
				};
			};
			buildConfigurationList = 94DED3C126D35FC30095DDCC /* Build configuration list for PBXProject "Think360" */;
			compatibilityVersion = "Xcode 9.3";
			developmentRegion = en;
			hasScannedForEncodings = 0;
			knownRegions = (
				en,
				Base,
			);
			mainGroup = 94DED3BD26D35FC30095DDCC;
			productRefGroup = 94DED3C726D35FC30095DDCC /* Products */;
			projectDirPath = "";
			projectRoot = "";
			targets = (
				94DED3C526D35FC30095DDCC /* Think360 */,
			);
		};
/* End PBXProject section */

/* Begin PBXResourcesBuildPhase section */
		94DED3C426D35FC30095DDCC /* Resources */ = {
			isa = PBXResourcesBuildPhase;
			buildActionMask = 2147483647;
			files = (
				94DED3D626D35FC80095DDCC /* LaunchScreen.storyboard in Resources */,
				94DED3D326D35FC80095DDCC /* Assets.xcassets in Resources */,
				94DED3D126D35FC30095DDCC /* Main.storyboard in Resources */,
			);
			runOnlyForDeploymentPostprocessing = 0;
		};
/* End PBXResourcesBuildPhase section */

/* Begin PBXSourcesBuildPhase section */
		94DED3C226D35FC30095DDCC /* Sources */ = {
			isa = PBXSourcesBuildPhase;
			buildActionMask = 2147483647;
			files = (
				94DED3CE26D35FC30095DDCC /* ViewController.swift in Sources */,
				94DED3CA26D35FC30095DDCC /* AppDelegate.swift in Sources */,
				94DED3CC26D35FC30095DDCC /* SceneDelegate.swift in Sources */,
			);
			runOnlyForDeploymentPostprocessing = 0;
		};
/* End PBXSourcesBuildPhase section */

/* Begin PBXVariantGroup section */
		94DED3CF26D35FC30095DDCC /* Main.storyboard */ = {
			isa = PBXVariantGroup;
			children = (
				94DED3D026D35FC30095DDCC /* Base */,
			);
			name = Main.storyboard;
			sourceTree = "<group>";
		};
		94DED3D426D35FC80095DDCC /* LaunchScreen.storyboard */ = {
			isa = PBXVariantGroup;
			children = (
				94DED3D526D35FC80095DDCC /* Base */,
			);
			name = LaunchScreen.storyboard;
			sourceTree = "<group>";
		};
/* End PBXVariantGroup section */

/* Begin XCBuildConfiguration section */
		94DED3D826D35FC80095DDCC /* Debug */ = {
			isa = XCBuildConfiguration;
			buildSettings = {
				ALWAYS_SEARCH_USER_PATHS = NO;
				CLANG_ANALYZER_NONNULL = YES;
				CLANG_ANALYZER_NUMBER_OBJECT_CONVERSION = YES_AGGRESSIVE;
				CLANG_CXX_LANGUAGE_STANDARD = "gnu++14";
				CLANG_CXX_LIBRARY = "libc++";
				CLANG_ENABLE_MODULES = YES;
				CLANG_ENABLE_OBJC_ARC = YES;
				CLANG_ENABLE_OBJC_WEAK = YES;
				CLANG_WARN_BLOCK_CAPTURE_AUTORELEASING = YES;
				CLANG_WARN_BOOL_CONVERSION = YES;
				CLANG_WARN_COMMA = YES;
				CLANG_WARN_CONSTANT_CONVERSION = YES;
				CLANG_WARN_DEPRECATED_OBJC_IMPLEMENTATIONS = YES;
				CLANG_WARN_DIRECT_OBJC_ISA_USAGE = YES_ERROR;
				CLANG_WARN_DOCUMENTATION_COMMENTS = YES;
				CLANG_WARN_EMPTY_BODY = YES;
				CLANG_WARN_ENUM_CONVERSION = YES;
				CLANG_WARN_INFINITE_RECURSION = YES;
				CLANG_WARN_INT_CONVERSION = YES;
				CLANG_WARN_NON_LITERAL_NULL_CONVERSION = YES;
				CLANG_WARN_OBJC_IMPLICIT_RETAIN_SELF = YES;
				CLANG_WARN_OBJC_LITERAL_CONVERSION = YES;
				CLANG_WARN_OBJC_ROOT_CLASS = YES_ERROR;
				CLANG_WARN_RANGE_LOOP_ANALYSIS = YES;
				CLANG_WARN_STRICT_PROTOTYPES = YES;
				CLANG_WARN_SUSPICIOUS_MOVE = YES;
				CLANG_WARN_UNGUARDED_AVAILABILITY = YES_AGGRESSIVE;
				CLANG_WARN_UNREACHABLE_CODE = YES;
				CLANG_WARN__DUPLICATE_METHOD_MATCH = YES;
				COPY_PHASE_STRIP = NO;
				DEBUG_INFORMATION_FORMAT = dwarf;
				ENABLE_STRICT_OBJC_MSGSEND = YES;
				ENABLE_TESTABILITY = YES;
				GCC_C_LANGUAGE_STANDARD = gnu11;
				GCC_DYNAMIC_NO_PIC = NO;
				GCC_NO_COMMON_BLOCKS = YES;
				GCC_OPTIMIZATION_LEVEL = 0;
				GCC_PREPROCESSOR_DEFINITIONS = (
					"DEBUG=1",
					"$(inherited)",
				);
				GCC_WARN_64_TO_32_BIT_CONVERSION = YES;
				GCC_WARN_ABOUT_RETURN_TYPE = YES_ERROR;
				GCC_WARN_UNDECLARED_SELECTOR = YES;
				GCC_WARN_UNINITIALIZED_AUTOS = YES_AGGRESSIVE;
				GCC_WARN_UNUSED_FUNCTION = YES;
				GCC_WARN_UNUSED_VARIABLE = YES;
				IPHONEOS_DEPLOYMENT_TARGET = 13.6;
				MTL_ENABLE_DEBUG_INFO = INCLUDE_SOURCE;
				MTL_FAST_MATH = YES;
				ONLY_ACTIVE_ARCH = YES;
				SDKROOT = iphoneos;
				SWIFT_ACTIVE_COMPILATION_CONDITIONS = DEBUG;
				SWIFT_OPTIMIZATION_LEVEL = "-Onone";
			};
			name = Debug;
		};
		94DED3D926D35FC80095DDCC /* Release */ = {
			isa = XCBuildConfiguration;
			buildSettings = {
				ALWAYS_SEARCH_USER_PATHS = NO;
				CLANG_ANALYZER_NONNULL = YES;
				CLANG_ANALYZER_NUMBER_OBJECT_CONVERSION = YES_AGGRESSIVE;
				CLANG_CXX_LANGUAGE_STANDARD = "gnu++14";
				CLANG_CXX_LIBRARY = "libc++";
				CLANG_ENABLE_MODULES = YES;
				CLANG_ENABLE_OBJC_ARC = YES;
				CLANG_ENABLE_OBJC_WEAK = YES;
				CLANG_WARN_BLOCK_CAPTURE_AUTORELEASING = YES;
				CLANG_WARN_BOOL_CONVERSION = YES;
				CLANG_WARN_COMMA = YES;
				CLANG_WARN_CONSTANT_CONVERSION = YES;
				CLANG_WARN_DEPRECATED_OBJC_IMPLEMENTATIONS = YES;
				CLANG_WARN_DIRECT_OBJC_ISA_USAGE = YES_ERROR;
				CLANG_WARN_DOCUMENTATION_COMMENTS = YES;
				CLANG_WARN_EMPTY_BODY = YES;
				CLANG_WARN_ENUM_CONVERSION = YES;
				CLANG_WARN_INFINITE_RECURSION = YES;
				CLANG_WARN_INT_CONVERSION = YES;
				CLANG_WARN_NON_LITERAL_NULL_CONVERSION = YES;
				CLANG_WARN_OBJC_IMPLICIT_RETAIN_SELF = YES;
				CLANG_WARN_OBJC_LITERAL_CONVERSION = YES;
				CLANG_WARN_OBJC_ROOT_CLASS = YES_ERROR;
				CLANG_WARN_RANGE_LOOP_ANALYSIS = YES;
				CLANG_WARN_STRICT_PROTOTYPES = YES;
				CLANG_WARN_SUSPICIOUS_MOVE = YES;
				CLANG_WARN_UNGUARDED_AVAILABILITY = YES_AGGRESSIVE;
				CLANG_WARN_UNREACHABLE_CODE = YES;
				CLANG_WARN__DUPLICATE_METHOD_MATCH = YES;
				COPY_PHASE_STRIP = NO;
				DEBUG_INFORMATION_FORMAT = "dwarf-with-dsym";
				ENABLE_NS_ASSERTIONS = NO;
				ENABLE_STRICT_OBJC_MSGSEND = YES;
				GCC_C_LANGUAGE_STANDARD = gnu11;
				GCC_NO_COMMON_BLOCKS = YES;
				GCC_WARN_64_TO_32_BIT_CONVERSION = YES;
				GCC_WARN_ABOUT_RETURN_TYPE = YES_ERROR;
				GCC_WARN_UNDECLARED_SELECTOR = YES;
				GCC_WARN_UNINITIALIZED_AUTOS = YES_AGGRESSIVE;
				GCC_WARN_UNUSED_FUNCTION = YES;
				GCC_WARN_UNUSED_VARIABLE = YES;
				IPHONEOS_DEPLOYMENT_TARGET = 13.6;
				MTL_ENABLE_DEBUG_INFO = NO;
				MTL_FAST_MATH = YES;
				SDKROOT = iphoneos;
				SWIFT_COMPILATION_MODE = wholemodule;
				SWIFT_OPTIMIZATION_LEVEL = "-O";
				VALIDATE_PRODUCT = YES;
			};
			name = Release;
		};
		94DED3DB26D35FC80095DDCC /* Debug */ = {
			isa = XCBuildConfiguration;
			buildSettings = {
				ASSETCATALOG_COMPILER_APPICON_NAME = AppIcon;
				CODE_SIGN_STYLE = Automatic;
				DEVELOPMENT_TEAM = P4NKXZAA9L;
				INFOPLIST_FILE = Think360/Info.plist;
				LD_RUNPATH_SEARCH_PATHS = (
					"$(inherited)",
					"@executable_path/Frameworks",
				);
				PRODUCT_BUNDLE_IDENTIFIER = com.manu.Think360;
				PRODUCT_NAME = "$(TARGET_NAME)";
				SWIFT_VERSION = 5.0;
				TARGETED_DEVICE_FAMILY = "1,2";
			};
			name = Debug;
		};
		94DED3DC26D35FC80095DDCC /* Release */ = {
			isa = XCBuildConfiguration;
			buildSettings = {
				ASSETCATALOG_COMPILER_APPICON_NAME = AppIcon;
				CODE_SIGN_STYLE = Automatic;
				DEVELOPMENT_TEAM = P4NKXZAA9L;
				INFOPLIST_FILE = Think360/Info.plist;
				LD_RUNPATH_SEARCH_PATHS = (
					"$(inherited)",
					"@executable_path/Frameworks",
				);
				PRODUCT_BUNDLE_IDENTIFIER = com.manu.Think360;
				PRODUCT_NAME = "$(TARGET_NAME)";
				SWIFT_VERSION = 5.0;
				TARGETED_DEVICE_FAMILY = "1,2";
			};
			name = Release;
		};
/* End XCBuildConfiguration section */

/* Begin XCConfigurationList section */
		94DED3C126D35FC30095DDCC /* Build configuration list for PBXProject "Think360" */ = {
			isa = XCConfigurationList;
			buildConfigurations = (
				94DED3D826D35FC80095DDCC /* Debug */,
				94DED3D926D35FC80095DDCC /* Release */,
			);
			defaultConfigurationIsVisible = 0;
			defaultConfigurationName = Release;
		};
		94DED3DA26D35FC80095DDCC /* Build configuration list for PBXNativeTarget "Think360" */ = {
			isa = XCConfigurationList;
			buildConfigurations = (
				94DED3DB26D35FC80095DDCC /* Debug */,
				94DED3DC26D35FC80095DDCC /* Release */,
			);
			defaultConfigurationIsVisible = 0;
			defaultConfigurationName = Release;
		};
/* End XCConfigurationList section */
	};
	rootObject = 94DED3BE26D35FC30095DDCC /* Project object */;
}
